{
  "name": "letter-template",
  "lockfileVersion": 2,
  "requires": true,
  "packages": {
    "": {
      "dependencies": {
        "@sanjo/read-file": "^2.0.0"
      },
      "devDependencies": {
        "@playwright/test": "^1.38.1",
        "@sanjo/compose": "^2.2.1",
        "@types/node": "^20.6.5",
        "prettier": "^3.0.3"
      }
    },
    "node_modules/@playwright/test": {
      "version": "1.38.1",
      "resolved": "https://registry.npmjs.org/@playwright/test/-/test-1.38.1.tgz",
      "integrity": "sha512-NqRp8XMwj3AK+zKLbZShl0r/9wKgzqI/527bkptKXomtuo+dOjU9NdMASQ8DNC9z9zLOMbG53T4eihYr3XR+BQ==",
      "dev": true,
      "dependencies": {
        "playwright": "1.38.1"
      },
      "bin": {
        "playwright": "cli.js"
      },
      "engines": {
        "node": ">=16"
      }
    },
    "node_modules/@sanjo/compose": {
      "version": "2.2.1",
      "resolved": "https://registry.npmjs.org/@sanjo/compose/-/compose-2.2.1.tgz",
      "integrity": "sha512-y0tk4wb944Ioc7th41IDlPs9n1jDKUYZXvfd29f5elwYYmsY8BcKxhkYJTrdguzp9QuikWt0EUEEZGSrYYjjUA==",
      "dev": true,
      "dependencies": {
        "@sanjo/noop": "^1.0.0",
        "argparse": "^2.0.1"
      },
      "bin": {
        "compose": "index.js"
      }
    },
    "node_modules/@sanjo/noop": {
      "version": "1.0.0",
      "resolved": "https://registry.npmjs.org/@sanjo/noop/-/noop-1.0.0.tgz",
      "integrity": "sha512-ubRq2Taq9pijg7e/HJ/UHJn44ZuU08u7qTTh4eQAlE6QY4F8w9YQdBTAP0U8ZZMWbZqmIJyyuCuGDAC+HwtQsg==",
      "dev": true
    },
    "node_modules/@sanjo/read-file": {
      "version": "2.0.0",
      "resolved": "https://registry.npmjs.org/@sanjo/read-file/-/read-file-2.0.0.tgz",
      "integrity": "sha512-Qye5ZQQmrBvtmzgoaE8X0Shq1wc2pZ97CT7+dZFRtQqDSISqurb4YcdKpRsaGETG/PRsVkIZ7ORQ89/GSPWLJg=="
    },
    "node_modules/@types/node": {
      "version": "20.6.5",
      "resolved": "https://registry.npmjs.org/@types/node/-/node-20.6.5.tgz",
      "integrity": "sha512-2qGq5LAOTh9izcc0+F+dToFigBWiK1phKPt7rNhOqJSr35y8rlIBjDwGtFSgAI6MGIhjwOVNSQZVdJsZJ2uR1w==",
      "dev": true
    },
    "node_modules/argparse": {
      "version": "2.0.1",
      "resolved": "https://registry.npmjs.org/argparse/-/argparse-2.0.1.tgz",
      "integrity": "sha512-8+9WqebbFzpX9OR+Wa6O29asIogeRMzcGtAINdpMHHyAg10f05aSFVBbcEqGf/PXw1EjAZ+q2/bEBg3DvurK3Q==",
      "dev": true
    },
    "node_modules/fsevents": {
      "version": "2.3.2",
      "resolved": "https://registry.npmjs.org/fsevents/-/fsevents-2.3.2.tgz",
      "integrity": "sha512-xiqMQR4xAeHTuB9uWm+fFRcIOgKBMiOBP+eXiyT7jsgVCq1bkVygt00oASowB7EdtpOHaaPgKt812P9ab+DDKA==",
      "dev": true,
      "hasInstallScript": true,
      "optional": true,
      "os": [
        "darwin"
      ],
      "engines": {
        "node": "^8.16.0 || ^10.6.0 || >=11.0.0"
      }
    },
    "node_modules/playwright": {
      "version": "1.38.1",
      "resolved": "https://registry.npmjs.org/playwright/-/playwright-1.38.1.tgz",
      "integrity": "sha512-oRMSJmZrOu1FP5iu3UrCx8JEFRIMxLDM0c/3o4bpzU5Tz97BypefWf7TuTNPWeCe279TPal5RtPPZ+9lW/Qkow==",
      "dev": true,
      "dependencies": {
        "playwright-core": "1.38.1"
      },
      "bin": {
        "playwright": "cli.js"
      },
      "engines": {
        "node": ">=16"
      },
      "optionalDependencies": {
        "fsevents": "2.3.2"
      }
    },
    "node_modules/playwright-core": {
      "version": "1.38.1",
      "resolved": "https://registry.npmjs.org/playwright-core/-/playwright-core-1.38.1.tgz",
      "integrity": "sha512-tQqNFUKa3OfMf4b2jQ7aGLB8o9bS3bOY0yMEtldtC2+spf8QXG9zvXLTXUeRsoNuxEYMgLYR+NXfAa1rjKRcrg==",
      "dev": true,
      "bin": {
        "playwright-core": "cli.js"
      },
      "engines": {
        "node": ">=16"
      }
    },
    "node_modules/prettier": {
      "version": "3.0.3",
      "resolved": "https://registry.npmjs.org/prettier/-/prettier-3.0.3.tgz",
      "integrity": "sha512-L/4pUDMxcNa8R/EthV08Zt42WBO4h1rarVtK0K+QJG0X187OLo7l699jWw0GKuwzkPQ//jMFA/8Xm6Fh3J/DAg==",
      "dev": true,
      "bin": {
        "prettier": "bin/prettier.cjs"
      },
      "engines": {
        "node": ">=14"
      },
      "funding": {
        "url": "https://github.com/prettier/prettier?sponsor=1"
      }
    }
  },
  "dependencies": {
    "@playwright/test": {
      "version": "1.38.1",
      "resolved": "https://registry.npmjs.org/@playwright/test/-/test-1.38.1.tgz",
      "integrity": "sha512-NqRp8XMwj3AK+zKLbZShl0r/9wKgzqI/527bkptKXomtuo+dOjU9NdMASQ8DNC9z9zLOMbG53T4eihYr3XR+BQ==",
      "dev": true,
      "requires": {
        "playwright": "1.38.1"
      }
    },
    "@sanjo/compose": {
      "version": "2.2.1",
      "resolved": "https://registry.npmjs.org/@sanjo/compose/-/compose-2.2.1.tgz",
      "integrity": "sha512-y0tk4wb944Ioc7th41IDlPs9n1jDKUYZXvfd29f5elwYYmsY8BcKxhkYJTrdguzp9QuikWt0EUEEZGSrYYjjUA==",
      "dev": true,
      "requires": {
        "@sanjo/noop": "^1.0.0",
        "argparse": "^2.0.1"
      }
    },
    "@sanjo/noop": {
      "version": "1.0.0",
      "resolved": "https://registry.npmjs.org/@sanjo/noop/-/noop-1.0.0.tgz",
      "integrity": "sha512-ubRq2Taq9pijg7e/HJ/UHJn44ZuU08u7qTTh4eQAlE6QY4F8w9YQdBTAP0U8ZZMWbZqmIJyyuCuGDAC+HwtQsg==",
      "dev": true
    },
    "@sanjo/read-file": {
      "version": "2.0.0",
      "resolved": "https://registry.npmjs.org/@sanjo/read-file/-/read-file-2.0.0.tgz",
      "integrity": "sha512-Qye5ZQQmrBvtmzgoaE8X0Shq1wc2pZ97CT7+dZFRtQqDSISqurb4YcdKpRsaGETG/PRsVkIZ7ORQ89/GSPWLJg=="
    },
    "@types/node": {
      "version": "20.6.5",
      "resolved": "https://registry.npmjs.org/@types/node/-/node-20.6.5.tgz",
      "integrity": "sha512-2qGq5LAOTh9izcc0+F+dToFigBWiK1phKPt7rNhOqJSr35y8rlIBjDwGtFSgAI6MGIhjwOVNSQZVdJsZJ2uR1w==",
      "dev": true
    },
    "argparse": {
      "version": "2.0.1",
      "resolved": "https://registry.npmjs.org/argparse/-/argparse-2.0.1.tgz",
      "integrity": "sha512-8+9WqebbFzpX9OR+Wa6O29asIogeRMzcGtAINdpMHHyAg10f05aSFVBbcEqGf/PXw1EjAZ+q2/bEBg3DvurK3Q==",
      "dev": true
    },
    "fsevents": {
      "version": "2.3.2",
      "resolved": "https://registry.npmjs.org/fsevents/-/fsevents-2.3.2.tgz",
      "integrity": "sha512-xiqMQR4xAeHTuB9uWm+fFRcIOgKBMiOBP+eXiyT7jsgVCq1bkVygt00oASowB7EdtpOHaaPgKt812P9ab+DDKA==",
      "dev": true,
      "optional": true
    },
    "playwright": {
      "version": "1.38.1",
      "resolved": "https://registry.npmjs.org/playwright/-/playwright-1.38.1.tgz",
      "integrity": "sha512-oRMSJmZrOu1FP5iu3UrCx8JEFRIMxLDM0c/3o4bpzU5Tz97BypefWf7TuTNPWeCe279TPal5RtPPZ+9lW/Qkow==",
      "dev": true,
      "requires": {
        "fsevents": "2.3.2",
        "playwright-core": "1.38.1"
      }
    },
    "playwright-core": {
      "version": "1.38.1",
      "resolved": "https://registry.npmjs.org/playwright-core/-/playwright-core-1.38.1.tgz",
      "integrity": "sha512-tQqNFUKa3OfMf4b2jQ7aGLB8o9bS3bOY0yMEtldtC2+spf8QXG9zvXLTXUeRsoNuxEYMgLYR+NXfAa1rjKRcrg==",
      "dev": true
    },
    "prettier": {
      "version": "3.0.3",
      "resolved": "https://registry.npmjs.org/prettier/-/prettier-3.0.3.tgz",
      "integrity": "sha512-L/4pUDMxcNa8R/EthV08Zt42WBO4h1rarVtK0K+QJG0X187OLo7l699jWw0GKuwzkPQ//jMFA/8Xm6Fh3J/DAg==",
      "dev": true
    }
  }
}
