{
  "name": "letter-template",
  "lockfileVersion": 2,
  "requires": true,
  "packages": {
    "": {
      "dependencies": {
        "@sanjo/read-file": "^2.0.0"
      },
      "devDependencies": {
        "@playwright/test": "^1.38.1",
        "@sanjo/compose": "^2.9.0",
        "@types/node": "^20.6.5",
        "prettier": "^3.0.3"
      }
    },
    "node_modules/@playwright/test": {
      "version": "1.38.1",
      "resolved": "https://registry.npmjs.org/@playwright/test/-/test-1.38.1.tgz",
      "integrity": "sha512-NqRp8XMwj3AK+zKLbZShl0r/9wKgzqI/527bkptKXomtuo+dOjU9NdMASQ8DNC9z9zLOMbG53T4eihYr3XR+BQ==",
      "dev": true,
      "dependencies": {
        "playwright": "1.38.1"
      },
      "bin": {
        "playwright": "cli.js"
      },
      "engines": {
        "node": ">=16"
      }
    },
    "node_modules/@sanjo/compose": {
      "version": "2.9.0",
      "resolved": "https://registry.npmjs.org/@sanjo/compose/-/compose-2.9.0.tgz",
      "integrity": "sha512-yPmWo10oPcMGzFiTu4zkJJu0nlBHkRc4Cv7mVjzPMcacA0/CkIEky/7R9OG8Zthw5kT6A/asekVhzHqupTFEfg==",
      "dev": true,
      "dependencies": {
        "@sanjo/noop": "^1.0.0",
        "argparse": "^2.0.1",
        "ejs": "^3.1.9",
        "marked": "^9.0.3",
        "marked-gfm-heading-id": "^3.1.0",
        "prettier": "^3.0.3"
      },
      "bin": {
        "compose": "index.js"
      }
    },
    "node_modules/@sanjo/noop": {
      "version": "1.0.0",
      "resolved": "https://registry.npmjs.org/@sanjo/noop/-/noop-1.0.0.tgz",
      "integrity": "sha512-ubRq2Taq9pijg7e/HJ/UHJn44ZuU08u7qTTh4eQAlE6QY4F8w9YQdBTAP0U8ZZMWbZqmIJyyuCuGDAC+HwtQsg==",
      "dev": true
    },
    "node_modules/@sanjo/read-file": {
      "version": "2.0.0",
      "resolved": "https://registry.npmjs.org/@sanjo/read-file/-/read-file-2.0.0.tgz",
      "integrity": "sha512-Qye5ZQQmrBvtmzgoaE8X0Shq1wc2pZ97CT7+dZFRtQqDSISqurb4YcdKpRsaGETG/PRsVkIZ7ORQ89/GSPWLJg=="
    },
    "node_modules/@types/node": {
      "version": "20.6.5",
      "resolved": "https://registry.npmjs.org/@types/node/-/node-20.6.5.tgz",
      "integrity": "sha512-2qGq5LAOTh9izcc0+F+dToFigBWiK1phKPt7rNhOqJSr35y8rlIBjDwGtFSgAI6MGIhjwOVNSQZVdJsZJ2uR1w==",
      "dev": true
    },
    "node_modules/ansi-styles": {
      "version": "4.3.0",
      "resolved": "https://registry.npmjs.org/ansi-styles/-/ansi-styles-4.3.0.tgz",
      "integrity": "sha512-zbB9rCJAT1rbjiVDb2hqKFHNYLxgtk8NURxZ3IZwD3F6NtxbXZQCnnSi1Lkx+IDohdPlFp222wVALIheZJQSEg==",
      "dev": true,
      "dependencies": {
        "color-convert": "^2.0.1"
      },
      "engines": {
        "node": ">=8"
      },
      "funding": {
        "url": "https://github.com/chalk/ansi-styles?sponsor=1"
      }
    },
    "node_modules/argparse": {
      "version": "2.0.1",
      "resolved": "https://registry.npmjs.org/argparse/-/argparse-2.0.1.tgz",
      "integrity": "sha512-8+9WqebbFzpX9OR+Wa6O29asIogeRMzcGtAINdpMHHyAg10f05aSFVBbcEqGf/PXw1EjAZ+q2/bEBg3DvurK3Q==",
      "dev": true
    },
    "node_modules/async": {
      "version": "3.2.4",
      "resolved": "https://registry.npmjs.org/async/-/async-3.2.4.tgz",
      "integrity": "sha512-iAB+JbDEGXhyIUavoDl9WP/Jj106Kz9DEn1DPgYw5ruDn0e3Wgi3sKFm55sASdGBNOQB8F59d9qQ7deqrHA8wQ==",
      "dev": true
    },
    "node_modules/balanced-match": {
      "version": "1.0.2",
      "resolved": "https://registry.npmjs.org/balanced-match/-/balanced-match-1.0.2.tgz",
      "integrity": "sha512-3oSeUO0TMV67hN1AmbXsK4yaqU7tjiHlbxRDZOpH0KW9+CeX4bRAaX0Anxt0tx2MrpRpWwQaPwIlISEJhYU5Pw==",
      "dev": true
    },
    "node_modules/brace-expansion": {
      "version": "1.1.11",
      "resolved": "https://registry.npmjs.org/brace-expansion/-/brace-expansion-1.1.11.tgz",
      "integrity": "sha512-iCuPHDFgrHX7H2vEI/5xpz07zSHB00TpugqhmYtVmMO6518mCuRMoOYFldEBl0g187ufozdaHgWKcYFb61qGiA==",
      "dev": true,
      "dependencies": {
        "balanced-match": "^1.0.0",
        "concat-map": "0.0.1"
      }
    },
    "node_modules/chalk": {
      "version": "4.1.2",
      "resolved": "https://registry.npmjs.org/chalk/-/chalk-4.1.2.tgz",
      "integrity": "sha512-oKnbhFyRIXpUuez8iBMmyEa4nbj4IOQyuhc/wy9kY7/WVPcwIO9VA668Pu8RkO7+0G76SLROeyw9CpQ061i4mA==",
      "dev": true,
      "dependencies": {
        "ansi-styles": "^4.1.0",
        "supports-color": "^7.1.0"
      },
      "engines": {
        "node": ">=10"
      },
      "funding": {
        "url": "https://github.com/chalk/chalk?sponsor=1"
      }
    },
    "node_modules/color-convert": {
      "version": "2.0.1",
      "resolved": "https://registry.npmjs.org/color-convert/-/color-convert-2.0.1.tgz",
      "integrity": "sha512-RRECPsj7iu/xb5oKYcsFHSppFNnsj/52OVTRKb4zP5onXwVF3zVmmToNcOfGC+CRDpfK/U584fMg38ZHCaElKQ==",
      "dev": true,
      "dependencies": {
        "color-name": "~1.1.4"
      },
      "engines": {
        "node": ">=7.0.0"
      }
    },
    "node_modules/color-name": {
      "version": "1.1.4",
      "resolved": "https://registry.npmjs.org/color-name/-/color-name-1.1.4.tgz",
      "integrity": "sha512-dOy+3AuW3a2wNbZHIuMZpTcgjGuLU/uBL/ubcZF9OXbDo8ff4O8yVp5Bf0efS8uEoYo5q4Fx7dY9OgQGXgAsQA==",
      "dev": true
    },
    "node_modules/concat-map": {
      "version": "0.0.1",
      "resolved": "https://registry.npmjs.org/concat-map/-/concat-map-0.0.1.tgz",
      "integrity": "sha512-/Srv4dswyQNBfohGpz9o6Yb3Gz3SrUDqBH5rTuhGR7ahtlbYKnVxw2bCFMRljaA7EXHaXZ8wsHdodFvbkhKmqg==",
      "dev": true
    },
    "node_modules/ejs": {
      "version": "3.1.9",
      "resolved": "https://registry.npmjs.org/ejs/-/ejs-3.1.9.tgz",
      "integrity": "sha512-rC+QVNMJWv+MtPgkt0y+0rVEIdbtxVADApW9JXrUVlzHetgcyczP/E7DJmWJ4fJCZF2cPcBk0laWO9ZHMG3DmQ==",
      "dev": true,
      "dependencies": {
        "jake": "^10.8.5"
      },
      "bin": {
        "ejs": "bin/cli.js"
      },
      "engines": {
        "node": ">=0.10.0"
      }
    },
    "node_modules/filelist": {
      "version": "1.0.4",
      "resolved": "https://registry.npmjs.org/filelist/-/filelist-1.0.4.tgz",
      "integrity": "sha512-w1cEuf3S+DrLCQL7ET6kz+gmlJdbq9J7yXCSjK/OZCPA+qEN1WyF4ZAf0YYJa4/shHJra2t/d/r8SV4Ji+x+8Q==",
      "dev": true,
      "dependencies": {
        "minimatch": "^5.0.1"
      }
    },
    "node_modules/filelist/node_modules/brace-expansion": {
      "version": "2.0.1",
      "resolved": "https://registry.npmjs.org/brace-expansion/-/brace-expansion-2.0.1.tgz",
      "integrity": "sha512-XnAIvQ8eM+kC6aULx6wuQiwVsnzsi9d3WxzV3FpWTGA19F621kwdbsAcFKXgKUHZWsy+mY6iL1sHTxWEFCytDA==",
      "dev": true,
      "dependencies": {
        "balanced-match": "^1.0.0"
      }
    },
    "node_modules/filelist/node_modules/minimatch": {
      "version": "5.1.6",
      "resolved": "https://registry.npmjs.org/minimatch/-/minimatch-5.1.6.tgz",
      "integrity": "sha512-lKwV/1brpG6mBUFHtb7NUmtABCb2WZZmm2wNiOA5hAb8VdCS4B3dtMWyvcoViccwAW/COERjXLt0zP1zXUN26g==",
      "dev": true,
      "dependencies": {
        "brace-expansion": "^2.0.1"
      },
      "engines": {
        "node": ">=10"
      }
    },
    "node_modules/fsevents": {
      "version": "2.3.2",
      "resolved": "https://registry.npmjs.org/fsevents/-/fsevents-2.3.2.tgz",
      "integrity": "sha512-xiqMQR4xAeHTuB9uWm+fFRcIOgKBMiOBP+eXiyT7jsgVCq1bkVygt00oASowB7EdtpOHaaPgKt812P9ab+DDKA==",
      "dev": true,
      "hasInstallScript": true,
      "optional": true,
      "os": [
        "darwin"
      ],
      "engines": {
        "node": "^8.16.0 || ^10.6.0 || >=11.0.0"
      }
    },
    "node_modules/github-slugger": {
      "version": "2.0.0",
      "resolved": "https://registry.npmjs.org/github-slugger/-/github-slugger-2.0.0.tgz",
      "integrity": "sha512-IaOQ9puYtjrkq7Y0Ygl9KDZnrf/aiUJYUpVf89y8kyaxbRG7Y1SrX/jaumrv81vc61+kiMempujsM3Yw7w5qcw==",
      "dev": true
    },
    "node_modules/has-flag": {
      "version": "4.0.0",
      "resolved": "https://registry.npmjs.org/has-flag/-/has-flag-4.0.0.tgz",
      "integrity": "sha512-EykJT/Q1KjTWctppgIAgfSO0tKVuZUjhgMr17kqTumMl6Afv3EISleU7qZUzoXDFTAHTDC4NOoG/ZxU3EvlMPQ==",
      "dev": true,
      "engines": {
        "node": ">=8"
      }
    },
    "node_modules/jake": {
      "version": "10.8.7",
      "resolved": "https://registry.npmjs.org/jake/-/jake-10.8.7.tgz",
      "integrity": "sha512-ZDi3aP+fG/LchyBzUM804VjddnwfSfsdeYkwt8NcbKRvo4rFkjhs456iLFn3k2ZUWvNe4i48WACDbza8fhq2+w==",
      "dev": true,
      "dependencies": {
        "async": "^3.2.3",
        "chalk": "^4.0.2",
        "filelist": "^1.0.4",
        "minimatch": "^3.1.2"
      },
      "bin": {
        "jake": "bin/cli.js"
      },
      "engines": {
        "node": ">=10"
      }
    },
    "node_modules/marked": {
      "version": "9.1.2",
      "resolved": "https://registry.npmjs.org/marked/-/marked-9.1.2.tgz",
      "integrity": "sha512-qoKMJqK0w6vkLk8+KnKZAH6neUZSNaQqVZ/h2yZ9S7CbLuFHyS2viB0jnqcWF9UKjwsAbMrQtnQhdmdvOVOw9w==",
      "dev": true,
      "bin": {
        "marked": "bin/marked.js"
      },
      "engines": {
        "node": ">= 16"
      }
    },
    "node_modules/marked-gfm-heading-id": {
      "version": "3.1.0",
      "resolved": "https://registry.npmjs.org/marked-gfm-heading-id/-/marked-gfm-heading-id-3.1.0.tgz",
      "integrity": "sha512-PYgLXDbL64Ga6kCpvVuKVoIVsV6MKUtkOXnR8mIqyjiycAeKNhQxcGpO0mHEogOTzyY8A8TcK49k5VwYMUCCbg==",
      "dev": true,
      "dependencies": {
        "github-slugger": "^2.0.0"
      },
      "peerDependencies": {
        "marked": ">=4 <10"
      }
    },
    "node_modules/minimatch": {
      "version": "3.1.2",
      "resolved": "https://registry.npmjs.org/minimatch/-/minimatch-3.1.2.tgz",
      "integrity": "sha512-J7p63hRiAjw1NDEww1W7i37+ByIrOWO5XQQAzZ3VOcL0PNybwpfmV/N05zFAzwQ9USyEcX6t3UO+K5aqBQOIHw==",
      "dev": true,
      "dependencies": {
        "brace-expansion": "^1.1.7"
      },
      "engines": {
        "node": "*"
      }
    },
    "node_modules/playwright": {
      "version": "1.38.1",
      "resolved": "https://registry.npmjs.org/playwright/-/playwright-1.38.1.tgz",
      "integrity": "sha512-oRMSJmZrOu1FP5iu3UrCx8JEFRIMxLDM0c/3o4bpzU5Tz97BypefWf7TuTNPWeCe279TPal5RtPPZ+9lW/Qkow==",
      "dev": true,
      "dependencies": {
        "playwright-core": "1.38.1"
      },
      "bin": {
        "playwright": "cli.js"
      },
      "engines": {
        "node": ">=16"
      },
      "optionalDependencies": {
        "fsevents": "2.3.2"
      }
    },
    "node_modules/playwright-core": {
      "version": "1.38.1",
      "resolved": "https://registry.npmjs.org/playwright-core/-/playwright-core-1.38.1.tgz",
      "integrity": "sha512-tQqNFUKa3OfMf4b2jQ7aGLB8o9bS3bOY0yMEtldtC2+spf8QXG9zvXLTXUeRsoNuxEYMgLYR+NXfAa1rjKRcrg==",
      "dev": true,
      "bin": {
        "playwright-core": "cli.js"
      },
      "engines": {
        "node": ">=16"
      }
    },
    "node_modules/prettier": {
      "version": "3.0.3",
      "resolved": "https://registry.npmjs.org/prettier/-/prettier-3.0.3.tgz",
      "integrity": "sha512-L/4pUDMxcNa8R/EthV08Zt42WBO4h1rarVtK0K+QJG0X187OLo7l699jWw0GKuwzkPQ//jMFA/8Xm6Fh3J/DAg==",
      "dev": true,
      "bin": {
        "prettier": "bin/prettier.cjs"
      },
      "engines": {
        "node": ">=14"
      },
      "funding": {
        "url": "https://github.com/prettier/prettier?sponsor=1"
      }
    },
    "node_modules/supports-color": {
      "version": "7.2.0",
      "resolved": "https://registry.npmjs.org/supports-color/-/supports-color-7.2.0.tgz",
      "integrity": "sha512-qpCAvRl9stuOHveKsn7HncJRvv501qIacKzQlO/+Lwxc9+0q2wLyv4Dfvt80/DPn2pqOBsJdDiogXGR9+OvwRw==",
      "dev": true,
      "dependencies": {
        "has-flag": "^4.0.0"
      },
      "engines": {
        "node": ">=8"
      }
    }
  },
  "dependencies": {
    "@playwright/test": {
      "version": "1.38.1",
      "resolved": "https://registry.npmjs.org/@playwright/test/-/test-1.38.1.tgz",
      "integrity": "sha512-NqRp8XMwj3AK+zKLbZShl0r/9wKgzqI/527bkptKXomtuo+dOjU9NdMASQ8DNC9z9zLOMbG53T4eihYr3XR+BQ==",
      "dev": true,
      "requires": {
        "playwright": "1.38.1"
      }
    },
    "@sanjo/compose": {
      "version": "2.9.0",
      "resolved": "https://registry.npmjs.org/@sanjo/compose/-/compose-2.9.0.tgz",
      "integrity": "sha512-yPmWo10oPcMGzFiTu4zkJJu0nlBHkRc4Cv7mVjzPMcacA0/CkIEky/7R9OG8Zthw5kT6A/asekVhzHqupTFEfg==",
      "dev": true,
      "requires": {
        "@sanjo/noop": "^1.0.0",
        "argparse": "^2.0.1",
        "ejs": "^3.1.9",
        "marked": "^9.0.3",
        "marked-gfm-heading-id": "^3.1.0",
        "prettier": "^3.0.3"
      }
    },
    "@sanjo/noop": {
      "version": "1.0.0",
      "resolved": "https://registry.npmjs.org/@sanjo/noop/-/noop-1.0.0.tgz",
      "integrity": "sha512-ubRq2Taq9pijg7e/HJ/UHJn44ZuU08u7qTTh4eQAlE6QY4F8w9YQdBTAP0U8ZZMWbZqmIJyyuCuGDAC+HwtQsg==",
      "dev": true
    },
    "@sanjo/read-file": {
      "version": "2.0.0",
      "resolved": "https://registry.npmjs.org/@sanjo/read-file/-/read-file-2.0.0.tgz",
      "integrity": "sha512-Qye5ZQQmrBvtmzgoaE8X0Shq1wc2pZ97CT7+dZFRtQqDSISqurb4YcdKpRsaGETG/PRsVkIZ7ORQ89/GSPWLJg=="
    },
    "@types/node": {
      "version": "20.6.5",
      "resolved": "https://registry.npmjs.org/@types/node/-/node-20.6.5.tgz",
      "integrity": "sha512-2qGq5LAOTh9izcc0+F+dToFigBWiK1phKPt7rNhOqJSr35y8rlIBjDwGtFSgAI6MGIhjwOVNSQZVdJsZJ2uR1w==",
      "dev": true
    },
    "ansi-styles": {
      "version": "4.3.0",
      "resolved": "https://registry.npmjs.org/ansi-styles/-/ansi-styles-4.3.0.tgz",
      "integrity": "sha512-zbB9rCJAT1rbjiVDb2hqKFHNYLxgtk8NURxZ3IZwD3F6NtxbXZQCnnSi1Lkx+IDohdPlFp222wVALIheZJQSEg==",
      "dev": true,
      "requires": {
        "color-convert": "^2.0.1"
      }
    },
    "argparse": {
      "version": "2.0.1",
      "resolved": "https://registry.npmjs.org/argparse/-/argparse-2.0.1.tgz",
      "integrity": "sha512-8+9WqebbFzpX9OR+Wa6O29asIogeRMzcGtAINdpMHHyAg10f05aSFVBbcEqGf/PXw1EjAZ+q2/bEBg3DvurK3Q==",
      "dev": true
    },
    "async": {
      "version": "3.2.4",
      "resolved": "https://registry.npmjs.org/async/-/async-3.2.4.tgz",
      "integrity": "sha512-iAB+JbDEGXhyIUavoDl9WP/Jj106Kz9DEn1DPgYw5ruDn0e3Wgi3sKFm55sASdGBNOQB8F59d9qQ7deqrHA8wQ==",
      "dev": true
    },
    "balanced-match": {
      "version": "1.0.2",
      "resolved": "https://registry.npmjs.org/balanced-match/-/balanced-match-1.0.2.tgz",
      "integrity": "sha512-3oSeUO0TMV67hN1AmbXsK4yaqU7tjiHlbxRDZOpH0KW9+CeX4bRAaX0Anxt0tx2MrpRpWwQaPwIlISEJhYU5Pw==",
      "dev": true
    },
    "brace-expansion": {
      "version": "1.1.11",
      "resolved": "https://registry.npmjs.org/brace-expansion/-/brace-expansion-1.1.11.tgz",
      "integrity": "sha512-iCuPHDFgrHX7H2vEI/5xpz07zSHB00TpugqhmYtVmMO6518mCuRMoOYFldEBl0g187ufozdaHgWKcYFb61qGiA==",
      "dev": true,
      "requires": {
        "balanced-match": "^1.0.0",
        "concat-map": "0.0.1"
      }
    },
    "chalk": {
      "version": "4.1.2",
      "resolved": "https://registry.npmjs.org/chalk/-/chalk-4.1.2.tgz",
      "integrity": "sha512-oKnbhFyRIXpUuez8iBMmyEa4nbj4IOQyuhc/wy9kY7/WVPcwIO9VA668Pu8RkO7+0G76SLROeyw9CpQ061i4mA==",
      "dev": true,
      "requires": {
        "ansi-styles": "^4.1.0",
        "supports-color": "^7.1.0"
      }
    },
    "color-convert": {
      "version": "2.0.1",
      "resolved": "https://registry.npmjs.org/color-convert/-/color-convert-2.0.1.tgz",
      "integrity": "sha512-RRECPsj7iu/xb5oKYcsFHSppFNnsj/52OVTRKb4zP5onXwVF3zVmmToNcOfGC+CRDpfK/U584fMg38ZHCaElKQ==",
      "dev": true,
      "requires": {
        "color-name": "~1.1.4"
      }
    },
    "color-name": {
      "version": "1.1.4",
      "resolved": "https://registry.npmjs.org/color-name/-/color-name-1.1.4.tgz",
      "integrity": "sha512-dOy+3AuW3a2wNbZHIuMZpTcgjGuLU/uBL/ubcZF9OXbDo8ff4O8yVp5Bf0efS8uEoYo5q4Fx7dY9OgQGXgAsQA==",
      "dev": true
    },
    "concat-map": {
      "version": "0.0.1",
      "resolved": "https://registry.npmjs.org/concat-map/-/concat-map-0.0.1.tgz",
      "integrity": "sha512-/Srv4dswyQNBfohGpz9o6Yb3Gz3SrUDqBH5rTuhGR7ahtlbYKnVxw2bCFMRljaA7EXHaXZ8wsHdodFvbkhKmqg==",
      "dev": true
    },
    "ejs": {
      "version": "3.1.9",
      "resolved": "https://registry.npmjs.org/ejs/-/ejs-3.1.9.tgz",
      "integrity": "sha512-rC+QVNMJWv+MtPgkt0y+0rVEIdbtxVADApW9JXrUVlzHetgcyczP/E7DJmWJ4fJCZF2cPcBk0laWO9ZHMG3DmQ==",
      "dev": true,
      "requires": {
        "jake": "^10.8.5"
      }
    },
    "filelist": {
      "version": "1.0.4",
      "resolved": "https://registry.npmjs.org/filelist/-/filelist-1.0.4.tgz",
      "integrity": "sha512-w1cEuf3S+DrLCQL7ET6kz+gmlJdbq9J7yXCSjK/OZCPA+qEN1WyF4ZAf0YYJa4/shHJra2t/d/r8SV4Ji+x+8Q==",
      "dev": true,
      "requires": {
        "minimatch": "^5.0.1"
      },
      "dependencies": {
        "brace-expansion": {
          "version": "2.0.1",
          "resolved": "https://registry.npmjs.org/brace-expansion/-/brace-expansion-2.0.1.tgz",
          "integrity": "sha512-XnAIvQ8eM+kC6aULx6wuQiwVsnzsi9d3WxzV3FpWTGA19F621kwdbsAcFKXgKUHZWsy+mY6iL1sHTxWEFCytDA==",
          "dev": true,
          "requires": {
            "balanced-match": "^1.0.0"
          }
        },
        "minimatch": {
          "version": "5.1.6",
          "resolved": "https://registry.npmjs.org/minimatch/-/minimatch-5.1.6.tgz",
          "integrity": "sha512-lKwV/1brpG6mBUFHtb7NUmtABCb2WZZmm2wNiOA5hAb8VdCS4B3dtMWyvcoViccwAW/COERjXLt0zP1zXUN26g==",
          "dev": true,
          "requires": {
            "brace-expansion": "^2.0.1"
          }
        }
      }
    },
    "fsevents": {
      "version": "2.3.2",
      "resolved": "https://registry.npmjs.org/fsevents/-/fsevents-2.3.2.tgz",
      "integrity": "sha512-xiqMQR4xAeHTuB9uWm+fFRcIOgKBMiOBP+eXiyT7jsgVCq1bkVygt00oASowB7EdtpOHaaPgKt812P9ab+DDKA==",
      "dev": true,
      "optional": true
    },
    "github-slugger": {
      "version": "2.0.0",
      "resolved": "https://registry.npmjs.org/github-slugger/-/github-slugger-2.0.0.tgz",
      "integrity": "sha512-IaOQ9puYtjrkq7Y0Ygl9KDZnrf/aiUJYUpVf89y8kyaxbRG7Y1SrX/jaumrv81vc61+kiMempujsM3Yw7w5qcw==",
      "dev": true
    },
    "has-flag": {
      "version": "4.0.0",
      "resolved": "https://registry.npmjs.org/has-flag/-/has-flag-4.0.0.tgz",
      "integrity": "sha512-EykJT/Q1KjTWctppgIAgfSO0tKVuZUjhgMr17kqTumMl6Afv3EISleU7qZUzoXDFTAHTDC4NOoG/ZxU3EvlMPQ==",
      "dev": true
    },
    "jake": {
      "version": "10.8.7",
      "resolved": "https://registry.npmjs.org/jake/-/jake-10.8.7.tgz",
      "integrity": "sha512-ZDi3aP+fG/LchyBzUM804VjddnwfSfsdeYkwt8NcbKRvo4rFkjhs456iLFn3k2ZUWvNe4i48WACDbza8fhq2+w==",
      "dev": true,
      "requires": {
        "async": "^3.2.3",
        "chalk": "^4.0.2",
        "filelist": "^1.0.4",
        "minimatch": "^3.1.2"
      }
    },
    "marked": {
      "version": "9.1.2",
      "resolved": "https://registry.npmjs.org/marked/-/marked-9.1.2.tgz",
      "integrity": "sha512-qoKMJqK0w6vkLk8+KnKZAH6neUZSNaQqVZ/h2yZ9S7CbLuFHyS2viB0jnqcWF9UKjwsAbMrQtnQhdmdvOVOw9w==",
      "dev": true
    },
    "marked-gfm-heading-id": {
      "version": "3.1.0",
      "resolved": "https://registry.npmjs.org/marked-gfm-heading-id/-/marked-gfm-heading-id-3.1.0.tgz",
      "integrity": "sha512-PYgLXDbL64Ga6kCpvVuKVoIVsV6MKUtkOXnR8mIqyjiycAeKNhQxcGpO0mHEogOTzyY8A8TcK49k5VwYMUCCbg==",
      "dev": true,
      "requires": {
        "github-slugger": "^2.0.0"
      }
    },
    "minimatch": {
      "version": "3.1.2",
      "resolved": "https://registry.npmjs.org/minimatch/-/minimatch-3.1.2.tgz",
      "integrity": "sha512-J7p63hRiAjw1NDEww1W7i37+ByIrOWO5XQQAzZ3VOcL0PNybwpfmV/N05zFAzwQ9USyEcX6t3UO+K5aqBQOIHw==",
      "dev": true,
      "requires": {
        "brace-expansion": "^1.1.7"
      }
    },
    "playwright": {
      "version": "1.38.1",
      "resolved": "https://registry.npmjs.org/playwright/-/playwright-1.38.1.tgz",
      "integrity": "sha512-oRMSJmZrOu1FP5iu3UrCx8JEFRIMxLDM0c/3o4bpzU5Tz97BypefWf7TuTNPWeCe279TPal5RtPPZ+9lW/Qkow==",
      "dev": true,
      "requires": {
        "fsevents": "2.3.2",
        "playwright-core": "1.38.1"
      }
    },
    "playwright-core": {
      "version": "1.38.1",
      "resolved": "https://registry.npmjs.org/playwright-core/-/playwright-core-1.38.1.tgz",
      "integrity": "sha512-tQqNFUKa3OfMf4b2jQ7aGLB8o9bS3bOY0yMEtldtC2+spf8QXG9zvXLTXUeRsoNuxEYMgLYR+NXfAa1rjKRcrg==",
      "dev": true
    },
    "prettier": {
      "version": "3.0.3",
      "resolved": "https://registry.npmjs.org/prettier/-/prettier-3.0.3.tgz",
      "integrity": "sha512-L/4pUDMxcNa8R/EthV08Zt42WBO4h1rarVtK0K+QJG0X187OLo7l699jWw0GKuwzkPQ//jMFA/8Xm6Fh3J/DAg==",
      "dev": true
    },
    "supports-color": {
      "version": "7.2.0",
      "resolved": "https://registry.npmjs.org/supports-color/-/supports-color-7.2.0.tgz",
      "integrity": "sha512-qpCAvRl9stuOHveKsn7HncJRvv501qIacKzQlO/+Lwxc9+0q2wLyv4Dfvt80/DPn2pqOBsJdDiogXGR9+OvwRw==",
      "dev": true,
      "requires": {
        "has-flag": "^4.0.0"
      }
    }
  }
}
